// !$*UTF8*$!
{
	archiveVersion = 1;
	classes = {
	};
	objectVersion = 46;
	objects = {

/* Begin PBXBuildFile section */
		2A733BEAA90E4B51B7027B14 /* libPods-FakeEnumerableTests.a in Frameworks */ = {isa = PBXBuildFile; fileRef = 5C8477AE494846319FC9870B /* libPods-FakeEnumerableTests.a */; };
		4AB6FA961740C5AE00DDBAD4 /* UIKit.framework in Frameworks */ = {isa = PBXBuildFile; fileRef = 4AB6FA951740C5AE00DDBAD4 /* UIKit.framework */; };
		4AB6FA981740C5AE00DDBAD4 /* Foundation.framework in Frameworks */ = {isa = PBXBuildFile; fileRef = 4AB6FA971740C5AE00DDBAD4 /* Foundation.framework */; };
		4AB6FA9A1740C5AE00DDBAD4 /* CoreGraphics.framework in Frameworks */ = {isa = PBXBuildFile; fileRef = 4AB6FA991740C5AE00DDBAD4 /* CoreGraphics.framework */; };
		4AB6FAA01740C5AE00DDBAD4 /* InfoPlist.strings in Resources */ = {isa = PBXBuildFile; fileRef = 4AB6FA9E1740C5AE00DDBAD4 /* InfoPlist.strings */; };
		4AB6FAA21740C5AE00DDBAD4 /* main.m in Sources */ = {isa = PBXBuildFile; fileRef = 4AB6FAA11740C5AE00DDBAD4 /* main.m */; };
		4AB6FAA61740C5AE00DDBAD4 /* AppDelegate.m in Sources */ = {isa = PBXBuildFile; fileRef = 4AB6FAA51740C5AE00DDBAD4 /* AppDelegate.m */; };
		4AB6FAA81740C5AE00DDBAD4 /* Default.png in Resources */ = {isa = PBXBuildFile; fileRef = 4AB6FAA71740C5AE00DDBAD4 /* Default.png */; };
		4AB6FAAA1740C5AE00DDBAD4 /* Default@2x.png in Resources */ = {isa = PBXBuildFile; fileRef = 4AB6FAA91740C5AE00DDBAD4 /* Default@2x.png */; };
		4AB6FAAC1740C5AE00DDBAD4 /* Default-568h@2x.png in Resources */ = {isa = PBXBuildFile; fileRef = 4AB6FAAB1740C5AE00DDBAD4 /* Default-568h@2x.png */; };
		4AB6FAB41740C5AE00DDBAD4 /* SenTestingKit.framework in Frameworks */ = {isa = PBXBuildFile; fileRef = 4AB6FAB31740C5AE00DDBAD4 /* SenTestingKit.framework */; };
		4AB6FAB51740C5AE00DDBAD4 /* UIKit.framework in Frameworks */ = {isa = PBXBuildFile; fileRef = 4AB6FA951740C5AE00DDBAD4 /* UIKit.framework */; };
		4AB6FAB61740C5AE00DDBAD4 /* Foundation.framework in Frameworks */ = {isa = PBXBuildFile; fileRef = 4AB6FA971740C5AE00DDBAD4 /* Foundation.framework */; };
		4AB6FABE1740C5AE00DDBAD4 /* InfoPlist.strings in Resources */ = {isa = PBXBuildFile; fileRef = 4AB6FABC1740C5AE00DDBAD4 /* InfoPlist.strings */; };
		4AB6FACE1740D28800DDBAD4 /* SortedList.m in Sources */ = {isa = PBXBuildFile; fileRef = 4AB6FACD1740D28800DDBAD4 /* SortedList.m */; };
		4AB6FAD11740D56E00DDBAD4 /* FakeEnumerator.m in Sources */ = {isa = PBXBuildFile; fileRef = 4AB6FAD01740D56E00DDBAD4 /* FakeEnumerator.m */; };
		4AB6FAD41740D61400DDBAD4 /* NSArray+FakeEnumerable.m in Sources */ = {isa = PBXBuildFile; fileRef = 4AB6FAD31740D61400DDBAD4 /* NSArray+FakeEnumerable.m */; };
		4AB6FAD71740D97100DDBAD4 /* FakeEnumerable.m in Sources */ = {isa = PBXBuildFile; fileRef = 4AB6FAD61740D97100DDBAD4 /* FakeEnumerable.m */; };
		4AB6FAD91740D9E500DDBAD4 /* FakeEnumerableSpec.m in Sources */ = {isa = PBXBuildFile; fileRef = 4AB6FAD81740D9E500DDBAD4 /* FakeEnumerableSpec.m */; };
		4AB6FADC1740DDD400DDBAD4 /* NSNumber+BinaryOperations.m in Sources */ = {isa = PBXBuildFile; fileRef = 4AB6FADB1740DDD400DDBAD4 /* NSNumber+BinaryOperations.m */; };
		4AB6FADE1740E06800DDBAD4 /* FakeEnumeratorSpec.m in Sources */ = {isa = PBXBuildFile; fileRef = 4AB6FADD1740E06800DDBAD4 /* FakeEnumeratorSpec.m */; };
/* End PBXBuildFile section */

/* Begin PBXContainerItemProxy section */
		4AB6FAB71740C5AE00DDBAD4 /* PBXContainerItemProxy */ = {
			isa = PBXContainerItemProxy;
			containerPortal = 4AB6FA8A1740C5AE00DDBAD4 /* Project object */;
			proxyType = 1;
			remoteGlobalIDString = 4AB6FA911740C5AE00DDBAD4;
			remoteInfo = FakeEnumerable;
		};
/* End PBXContainerItemProxy section */

/* Begin PBXFileReference section */
		4369A65CC79345AF9AB080F3 /* Pods-FakeEnumerableTests.xcconfig */ = {isa = PBXFileReference; includeInIndex = 1; lastKnownFileType = text.xcconfig; name = "Pods-FakeEnumerableTests.xcconfig"; path = "Pods/Pods-FakeEnumerableTests.xcconfig"; sourceTree = SOURCE_ROOT; };
		4AB6FA921740C5AE00DDBAD4 /* FakeEnumerable.app */ = {isa = PBXFileReference; explicitFileType = wrapper.application; includeInIndex = 0; path = FakeEnumerable.app; sourceTree = BUILT_PRODUCTS_DIR; };
		4AB6FA951740C5AE00DDBAD4 /* UIKit.framework */ = {isa = PBXFileReference; lastKnownFileType = wrapper.framework; name = UIKit.framework; path = System/Library/Frameworks/UIKit.framework; sourceTree = SDKROOT; };
		4AB6FA971740C5AE00DDBAD4 /* Foundation.framework */ = {isa = PBXFileReference; lastKnownFileType = wrapper.framework; name = Foundation.framework; path = System/Library/Frameworks/Foundation.framework; sourceTree = SDKROOT; };
		4AB6FA991740C5AE00DDBAD4 /* CoreGraphics.framework */ = {isa = PBXFileReference; lastKnownFileType = wrapper.framework; name = CoreGraphics.framework; path = System/Library/Frameworks/CoreGraphics.framework; sourceTree = SDKROOT; };
		4AB6FA9D1740C5AE00DDBAD4 /* FakeEnumerable-Info.plist */ = {isa = PBXFileReference; lastKnownFileType = text.plist.xml; path = "FakeEnumerable-Info.plist"; sourceTree = "<group>"; };
		4AB6FA9F1740C5AE00DDBAD4 /* en */ = {isa = PBXFileReference; lastKnownFileType = text.plist.strings; name = en; path = en.lproj/InfoPlist.strings; sourceTree = "<group>"; };
		4AB6FAA11740C5AE00DDBAD4 /* main.m */ = {isa = PBXFileReference; lastKnownFileType = sourcecode.c.objc; path = main.m; sourceTree = "<group>"; };
		4AB6FAA31740C5AE00DDBAD4 /* FakeEnumerable-Prefix.pch */ = {isa = PBXFileReference; lastKnownFileType = sourcecode.c.h; path = "FakeEnumerable-Prefix.pch"; sourceTree = "<group>"; };
		4AB6FAA41740C5AE00DDBAD4 /* AppDelegate.h */ = {isa = PBXFileReference; lastKnownFileType = sourcecode.c.h; path = AppDelegate.h; sourceTree = "<group>"; };
		4AB6FAA51740C5AE00DDBAD4 /* AppDelegate.m */ = {isa = PBXFileReference; lastKnownFileType = sourcecode.c.objc; path = AppDelegate.m; sourceTree = "<group>"; };
		4AB6FAA71740C5AE00DDBAD4 /* Default.png */ = {isa = PBXFileReference; lastKnownFileType = image.png; path = Default.png; sourceTree = "<group>"; };
		4AB6FAA91740C5AE00DDBAD4 /* Default@2x.png */ = {isa = PBXFileReference; lastKnownFileType = image.png; path = "Default@2x.png"; sourceTree = "<group>"; };
		4AB6FAAB1740C5AE00DDBAD4 /* Default-568h@2x.png */ = {isa = PBXFileReference; lastKnownFileType = image.png; path = "Default-568h@2x.png"; sourceTree = "<group>"; };
		4AB6FAB21740C5AE00DDBAD4 /* FakeEnumerableTests.octest */ = {isa = PBXFileReference; explicitFileType = wrapper.cfbundle; includeInIndex = 0; path = FakeEnumerableTests.octest; sourceTree = BUILT_PRODUCTS_DIR; };
		4AB6FAB31740C5AE00DDBAD4 /* SenTestingKit.framework */ = {isa = PBXFileReference; lastKnownFileType = wrapper.framework; name = SenTestingKit.framework; path = Library/Frameworks/SenTestingKit.framework; sourceTree = DEVELOPER_DIR; };
		4AB6FABB1740C5AE00DDBAD4 /* FakeEnumerableTests-Info.plist */ = {isa = PBXFileReference; lastKnownFileType = text.plist.xml; path = "FakeEnumerableTests-Info.plist"; sourceTree = "<group>"; };
		4AB6FABD1740C5AE00DDBAD4 /* en */ = {isa = PBXFileReference; lastKnownFileType = text.plist.strings; name = en; path = en.lproj/InfoPlist.strings; sourceTree = "<group>"; };
		4AB6FACC1740D28800DDBAD4 /* SortedList.h */ = {isa = PBXFileReference; fileEncoding = 4; lastKnownFileType = sourcecode.c.h; path = SortedList.h; sourceTree = "<group>"; };
		4AB6FACD1740D28800DDBAD4 /* SortedList.m */ = {isa = PBXFileReference; fileEncoding = 4; lastKnownFileType = sourcecode.c.objc; path = SortedList.m; sourceTree = "<group>"; };
		4AB6FACF1740D56E00DDBAD4 /* FakeEnumerator.h */ = {isa = PBXFileReference; fileEncoding = 4; lastKnownFileType = sourcecode.c.h; path = FakeEnumerator.h; sourceTree = "<group>"; };
		4AB6FAD01740D56E00DDBAD4 /* FakeEnumerator.m */ = {isa = PBXFileReference; fileEncoding = 4; lastKnownFileType = sourcecode.c.objc; path = FakeEnumerator.m; sourceTree = "<group>"; };
		4AB6FAD21740D61400DDBAD4 /* NSArray+FakeEnumerable.h */ = {isa = PBXFileReference; fileEncoding = 4; lastKnownFileType = sourcecode.c.h; path = "NSArray+FakeEnumerable.h"; sourceTree = "<group>"; };
		4AB6FAD31740D61400DDBAD4 /* NSArray+FakeEnumerable.m */ = {isa = PBXFileReference; fileEncoding = 4; lastKnownFileType = sourcecode.c.objc; path = "NSArray+FakeEnumerable.m"; sourceTree = "<group>"; };
		4AB6FAD51740D97100DDBAD4 /* FakeEnumerable.h */ = {isa = PBXFileReference; fileEncoding = 4; lastKnownFileType = sourcecode.c.h; path = FakeEnumerable.h; sourceTree = "<group>"; };
		4AB6FAD61740D97100DDBAD4 /* FakeEnumerable.m */ = {isa = PBXFileReference; fileEncoding = 4; lastKnownFileType = sourcecode.c.objc; path = FakeEnumerable.m; sourceTree = "<group>"; };
		4AB6FAD81740D9E500DDBAD4 /* FakeEnumerableSpec.m */ = {isa = PBXFileReference; fileEncoding = 4; lastKnownFileType = sourcecode.c.objc; path = FakeEnumerableSpec.m; sourceTree = "<group>"; };
		4AB6FADA1740DDD400DDBAD4 /* NSNumber+BinaryOperations.h */ = {isa = PBXFileReference; fileEncoding = 4; lastKnownFileType = sourcecode.c.h; path = "NSNumber+BinaryOperations.h"; sourceTree = "<group>"; };
		4AB6FADB1740DDD400DDBAD4 /* NSNumber+BinaryOperations.m */ = {isa = PBXFileReference; fileEncoding = 4; lastKnownFileType = sourcecode.c.objc; path = "NSNumber+BinaryOperations.m"; sourceTree = "<group>"; };
		4AB6FADD1740E06800DDBAD4 /* FakeEnumeratorSpec.m */ = {isa = PBXFileReference; fileEncoding = 4; lastKnownFileType = sourcecode.c.objc; path = FakeEnumeratorSpec.m; sourceTree = "<group>"; };
		5C8477AE494846319FC9870B /* libPods-FakeEnumerableTests.a */ = {isa = PBXFileReference; explicitFileType = archive.ar; includeInIndex = 0; path = "libPods-FakeEnumerableTests.a"; sourceTree = BUILT_PRODUCTS_DIR; };
/* End PBXFileReference section */

/* Begin PBXFrameworksBuildPhase section */
		4AB6FA8F1740C5AE00DDBAD4 /* Frameworks */ = {
			isa = PBXFrameworksBuildPhase;
			buildActionMask = 2147483647;
			files = (
				4AB6FA961740C5AE00DDBAD4 /* UIKit.framework in Frameworks */,
				4AB6FA981740C5AE00DDBAD4 /* Foundation.framework in Frameworks */,
				4AB6FA9A1740C5AE00DDBAD4 /* CoreGraphics.framework in Frameworks */,
			);
			runOnlyForDeploymentPostprocessing = 0;
		};
		4AB6FAAE1740C5AE00DDBAD4 /* Frameworks */ = {
			isa = PBXFrameworksBuildPhase;
			buildActionMask = 2147483647;
			files = (
				4AB6FAB41740C5AE00DDBAD4 /* SenTestingKit.framework in Frameworks */,
				4AB6FAB51740C5AE00DDBAD4 /* UIKit.framework in Frameworks */,
				4AB6FAB61740C5AE00DDBAD4 /* Foundation.framework in Frameworks */,
				2A733BEAA90E4B51B7027B14 /* libPods-FakeEnumerableTests.a in Frameworks */,
			);
			runOnlyForDeploymentPostprocessing = 0;
		};
/* End PBXFrameworksBuildPhase section */

/* Begin PBXGroup section */
		4AB6FA891740C5AE00DDBAD4 = {
			isa = PBXGroup;
			children = (
				4AB6FA9B1740C5AE00DDBAD4 /* FakeEnumerable */,
				4AB6FAB91740C5AE00DDBAD4 /* FakeEnumerableTests */,
				4AB6FA941740C5AE00DDBAD4 /* Frameworks */,
				4AB6FA931740C5AE00DDBAD4 /* Products */,
				4369A65CC79345AF9AB080F3 /* Pods-FakeEnumerableTests.xcconfig */,
			);
			sourceTree = "<group>";
		};
		4AB6FA931740C5AE00DDBAD4 /* Products */ = {
			isa = PBXGroup;
			children = (
				4AB6FA921740C5AE00DDBAD4 /* FakeEnumerable.app */,
				4AB6FAB21740C5AE00DDBAD4 /* FakeEnumerableTests.octest */,
			);
			name = Products;
			sourceTree = "<group>";
		};
		4AB6FA941740C5AE00DDBAD4 /* Frameworks */ = {
			isa = PBXGroup;
			children = (
				4AB6FA951740C5AE00DDBAD4 /* UIKit.framework */,
				4AB6FA971740C5AE00DDBAD4 /* Foundation.framework */,
				4AB6FA991740C5AE00DDBAD4 /* CoreGraphics.framework */,
				4AB6FAB31740C5AE00DDBAD4 /* SenTestingKit.framework */,
				5C8477AE494846319FC9870B /* libPods-FakeEnumerableTests.a */,
			);
			name = Frameworks;
			sourceTree = "<group>";
		};
		4AB6FA9B1740C5AE00DDBAD4 /* FakeEnumerable */ = {
			isa = PBXGroup;
			children = (
				4AB6FAA41740C5AE00DDBAD4 /* AppDelegate.h */,
				4AB6FAA51740C5AE00DDBAD4 /* AppDelegate.m */,
				4AB6FAD51740D97100DDBAD4 /* FakeEnumerable.h */,
				4AB6FAD61740D97100DDBAD4 /* FakeEnumerable.m */,
				4AB6FACF1740D56E00DDBAD4 /* FakeEnumerator.h */,
				4AB6FAD01740D56E00DDBAD4 /* FakeEnumerator.m */,
				4AB6FAD21740D61400DDBAD4 /* NSArray+FakeEnumerable.h */,
				4AB6FAD31740D61400DDBAD4 /* NSArray+FakeEnumerable.m */,
				4AB6FADA1740DDD400DDBAD4 /* NSNumber+BinaryOperations.h */,
				4AB6FADB1740DDD400DDBAD4 /* NSNumber+BinaryOperations.m */,
				4AB6FACC1740D28800DDBAD4 /* SortedList.h */,
				4AB6FACD1740D28800DDBAD4 /* SortedList.m */,
				4AB6FA9C1740C5AE00DDBAD4 /* Supporting Files */,
			);
			path = FakeEnumerable;
			sourceTree = "<group>";
		};
		4AB6FA9C1740C5AE00DDBAD4 /* Supporting Files */ = {
			isa = PBXGroup;
			children = (
				4AB6FA9D1740C5AE00DDBAD4 /* FakeEnumerable-Info.plist */,
				4AB6FA9E1740C5AE00DDBAD4 /* InfoPlist.strings */,
				4AB6FAA11740C5AE00DDBAD4 /* main.m */,
				4AB6FAA31740C5AE00DDBAD4 /* FakeEnumerable-Prefix.pch */,
				4AB6FAA71740C5AE00DDBAD4 /* Default.png */,
				4AB6FAA91740C5AE00DDBAD4 /* Default@2x.png */,
				4AB6FAAB1740C5AE00DDBAD4 /* Default-568h@2x.png */,
			);
			name = "Supporting Files";
			sourceTree = "<group>";
		};
		4AB6FAB91740C5AE00DDBAD4 /* FakeEnumerableTests */ = {
			isa = PBXGroup;
			children = (
				4AB6FABA1740C5AE00DDBAD4 /* Supporting Files */,
				4AB6FAD81740D9E500DDBAD4 /* FakeEnumerableSpec.m */,
				4AB6FADD1740E06800DDBAD4 /* FakeEnumeratorSpec.m */,
			);
			path = FakeEnumerableTests;
			sourceTree = "<group>";
		};
		4AB6FABA1740C5AE00DDBAD4 /* Supporting Files */ = {
			isa = PBXGroup;
			children = (
				4AB6FABB1740C5AE00DDBAD4 /* FakeEnumerableTests-Info.plist */,
				4AB6FABC1740C5AE00DDBAD4 /* InfoPlist.strings */,
			);
			name = "Supporting Files";
			sourceTree = "<group>";
		};
/* End PBXGroup section */

/* Begin PBXNativeTarget section */
		4AB6FA911740C5AE00DDBAD4 /* FakeEnumerable */ = {
			isa = PBXNativeTarget;
			buildConfigurationList = 4AB6FAC41740C5AE00DDBAD4 /* Build configuration list for PBXNativeTarget "FakeEnumerable" */;
			buildPhases = (
				4AB6FA8E1740C5AE00DDBAD4 /* Sources */,
				4AB6FA8F1740C5AE00DDBAD4 /* Frameworks */,
				4AB6FA901740C5AE00DDBAD4 /* Resources */,
			);
			buildRules = (
			);
			dependencies = (
			);
			name = FakeEnumerable;
			productName = FakeEnumerable;
			productReference = 4AB6FA921740C5AE00DDBAD4 /* FakeEnumerable.app */;
			productType = "com.apple.product-type.application";
		};
		4AB6FAB11740C5AE00DDBAD4 /* FakeEnumerableTests */ = {
			isa = PBXNativeTarget;
			buildConfigurationList = 4AB6FAC71740C5AE00DDBAD4 /* Build configuration list for PBXNativeTarget "FakeEnumerableTests" */;
			buildPhases = (
				121EB3D7F9144B2BA3C1D9E1 /* Check Pods Manifest.lock */,
				4AB6FAAD1740C5AE00DDBAD4 /* Sources */,
				4AB6FAAE1740C5AE00DDBAD4 /* Frameworks */,
				4AB6FAAF1740C5AE00DDBAD4 /* Resources */,
				4AB6FAB01740C5AE00DDBAD4 /* ShellScript */,
				50DA50AF7CEA4D68BAB8C2DC /* Copy Pods Resources */,
			);
			buildRules = (
			);
			dependencies = (
				4AB6FAB81740C5AE00DDBAD4 /* PBXTargetDependency */,
			);
			name = FakeEnumerableTests;
			productName = FakeEnumerableTests;
			productReference = 4AB6FAB21740C5AE00DDBAD4 /* FakeEnumerableTests.octest */;
			productType = "com.apple.product-type.bundle";
		};
/* End PBXNativeTarget section */

/* Begin PBXProject section */
		4AB6FA8A1740C5AE00DDBAD4 /* Project object */ = {
			isa = PBXProject;
			attributes = {
				LastUpgradeCheck = 0460;
				ORGANIZATIONNAME = "Adam Sharp";
			};
			buildConfigurationList = 4AB6FA8D1740C5AE00DDBAD4 /* Build configuration list for PBXProject "FakeEnumerable" */;
			compatibilityVersion = "Xcode 3.2";
			developmentRegion = English;
			hasScannedForEncodings = 0;
			knownRegions = (
				en,
			);
			mainGroup = 4AB6FA891740C5AE00DDBAD4;
			productRefGroup = 4AB6FA931740C5AE00DDBAD4 /* Products */;
			projectDirPath = "";
			projectRoot = "";
			targets = (
				4AB6FA911740C5AE00DDBAD4 /* FakeEnumerable */,
				4AB6FAB11740C5AE00DDBAD4 /* FakeEnumerableTests */,
			);
		};
/* End PBXProject section */

/* Begin PBXResourcesBuildPhase section */
		4AB6FA901740C5AE00DDBAD4 /* Resources */ = {
			isa = PBXResourcesBuildPhase;
			buildActionMask = 2147483647;
			files = (
				4AB6FAA01740C5AE00DDBAD4 /* InfoPlist.strings in Resources */,
				4AB6FAA81740C5AE00DDBAD4 /* Default.png in Resources */,
				4AB6FAAA1740C5AE00DDBAD4 /* Default@2x.png in Resources */,
				4AB6FAAC1740C5AE00DDBAD4 /* Default-568h@2x.png in Resources */,
			);
			runOnlyForDeploymentPostprocessing = 0;
		};
		4AB6FAAF1740C5AE00DDBAD4 /* Resources */ = {
			isa = PBXResourcesBuildPhase;
			buildActionMask = 2147483647;
			files = (
				4AB6FABE1740C5AE00DDBAD4 /* InfoPlist.strings in Resources */,
			);
			runOnlyForDeploymentPostprocessing = 0;
		};
/* End PBXResourcesBuildPhase section */

/* Begin PBXShellScriptBuildPhase section */
		121EB3D7F9144B2BA3C1D9E1 /* Check Pods Manifest.lock */ = {
			isa = PBXShellScriptBuildPhase;
			buildActionMask = 2147483647;
			files = (
			);
			inputPaths = (
			);
			name = "Check Pods Manifest.lock";
			outputPaths = (
			);
			runOnlyForDeploymentPostprocessing = 0;
			shellPath = /bin/sh;
			shellScript = "diff \"${PODS_ROOT}/../Podfile.lock\" \"${PODS_ROOT}/Manifest.lock\" > /dev/null\nif [[ $? != 0 ]] ; then\n    cat << EOM\nerror: The sanbox is not in sync with the Podfile.lock. Run 'pod install'.\nEOM\n    exit 1\nfi\n";
		};
		4AB6FAB01740C5AE00DDBAD4 /* ShellScript */ = {
			isa = PBXShellScriptBuildPhase;
			buildActionMask = 2147483647;
			files = (
			);
			inputPaths = (
			);
			outputPaths = (
			);
			runOnlyForDeploymentPostprocessing = 0;
			shellPath = /bin/sh;
			shellScript = "# Run the unit tests in this test bundle.\n\"${SYSTEM_DEVELOPER_DIR}/Tools/RunUnitTests\"\n";
		};
		50DA50AF7CEA4D68BAB8C2DC /* Copy Pods Resources */ = {
			isa = PBXShellScriptBuildPhase;
			buildActionMask = 2147483647;
			files = (
			);
			inputPaths = (
			);
			name = "Copy Pods Resources";
			outputPaths = (
			);
			runOnlyForDeploymentPostprocessing = 0;
			shellPath = /bin/sh;
			shellScript = "\"${SRCROOT}/Pods/Pods-FakeEnumerableTests-resources.sh\"\n";
		};
/* End PBXShellScriptBuildPhase section */

/* Begin PBXSourcesBuildPhase section */
		4AB6FA8E1740C5AE00DDBAD4 /* Sources */ = {
			isa = PBXSourcesBuildPhase;
			buildActionMask = 2147483647;
			files = (
				4AB6FAA21740C5AE00DDBAD4 /* main.m in Sources */,
				4AB6FAA61740C5AE00DDBAD4 /* AppDelegate.m in Sources */,
				4AB6FACE1740D28800DDBAD4 /* SortedList.m in Sources */,
				4AB6FAD11740D56E00DDBAD4 /* FakeEnumerator.m in Sources */,
				4AB6FAD41740D61400DDBAD4 /* NSArray+FakeEnumerable.m in Sources */,
				4AB6FAD71740D97100DDBAD4 /* FakeEnumerable.m in Sources */,
				4AB6FADC1740DDD400DDBAD4 /* NSNumber+BinaryOperations.m in Sources */,
			);
			runOnlyForDeploymentPostprocessing = 0;
		};
		4AB6FAAD1740C5AE00DDBAD4 /* Sources */ = {
			isa = PBXSourcesBuildPhase;
			buildActionMask = 2147483647;
			files = (
				4AB6FAD91740D9E500DDBAD4 /* FakeEnumerableSpec.m in Sources */,
				4AB6FADE1740E06800DDBAD4 /* FakeEnumeratorSpec.m in Sources */,
			);
			runOnlyForDeploymentPostprocessing = 0;
		};
/* End PBXSourcesBuildPhase section */

/* Begin PBXTargetDependency section */
		4AB6FAB81740C5AE00DDBAD4 /* PBXTargetDependency */ = {
			isa = PBXTargetDependency;
			target = 4AB6FA911740C5AE00DDBAD4 /* FakeEnumerable */;
			targetProxy = 4AB6FAB71740C5AE00DDBAD4 /* PBXContainerItemProxy */;
		};
/* End PBXTargetDependency section */

/* Begin PBXVariantGroup section */
		4AB6FA9E1740C5AE00DDBAD4 /* InfoPlist.strings */ = {
			isa = PBXVariantGroup;
			children = (
				4AB6FA9F1740C5AE00DDBAD4 /* en */,
			);
			name = InfoPlist.strings;
			sourceTree = "<group>";
		};
		4AB6FABC1740C5AE00DDBAD4 /* InfoPlist.strings */ = {
			isa = PBXVariantGroup;
			children = (
				4AB6FABD1740C5AE00DDBAD4 /* en */,
			);
			name = InfoPlist.strings;
			sourceTree = "<group>";
		};
/* End PBXVariantGroup section */

/* Begin XCBuildConfiguration section */
		4AB6FAC21740C5AE00DDBAD4 /* Debug */ = {
			isa = XCBuildConfiguration;
			buildSettings = {
				ALWAYS_SEARCH_USER_PATHS = NO;
				CLANG_CXX_LANGUAGE_STANDARD = "gnu++0x";
				CLANG_CXX_LIBRARY = "libc++";
				CLANG_ENABLE_OBJC_ARC = YES;
				CLANG_WARN_CONSTANT_CONVERSION = YES;
				CLANG_WARN_EMPTY_BODY = YES;
				CLANG_WARN_ENUM_CONVERSION = YES;
				CLANG_WARN_INT_CONVERSION = YES;
				CLANG_WARN__DUPLICATE_METHOD_MATCH = YES;
				"CODE_SIGN_IDENTITY[sdk=iphoneos*]" = "iPhone Developer";
				COPY_PHASE_STRIP = NO;
				GCC_C_LANGUAGE_STANDARD = gnu99;
				GCC_DYNAMIC_NO_PIC = NO;
				GCC_OPTIMIZATION_LEVEL = 0;
				GCC_PREPROCESSOR_DEFINITIONS = (
					"DEBUG=1",
					"$(inherited)",
				);
				GCC_SYMBOLS_PRIVATE_EXTERN = NO;
				GCC_WARN_ABOUT_RETURN_TYPE = YES;
				GCC_WARN_UNINITIALIZED_AUTOS = YES;
				GCC_WARN_UNUSED_VARIABLE = YES;
				IPHONEOS_DEPLOYMENT_TARGET = 6.1;
				ONLY_ACTIVE_ARCH = YES;
				SDKROOT = iphoneos;
			};
			name = Debug;
		};
		4AB6FAC31740C5AE00DDBAD4 /* Release */ = {
			isa = XCBuildConfiguration;
			buildSettings = {
				ALWAYS_SEARCH_USER_PATHS = NO;
				CLANG_CXX_LANGUAGE_STANDARD = "gnu++0x";
				CLANG_CXX_LIBRARY = "libc++";
				CLANG_ENABLE_OBJC_ARC = YES;
				CLANG_WARN_CONSTANT_CONVERSION = YES;
				CLANG_WARN_EMPTY_BODY = YES;
				CLANG_WARN_ENUM_CONVERSION = YES;
				CLANG_WARN_INT_CONVERSION = YES;
				CLANG_WARN__DUPLICATE_METHOD_MATCH = YES;
				"CODE_SIGN_IDENTITY[sdk=iphoneos*]" = "iPhone Developer";
				COPY_PHASE_STRIP = YES;
				GCC_C_LANGUAGE_STANDARD = gnu99;
				GCC_WARN_ABOUT_RETURN_TYPE = YES;
				GCC_WARN_UNINITIALIZED_AUTOS = YES;
				GCC_WARN_UNUSED_VARIABLE = YES;
				IPHONEOS_DEPLOYMENT_TARGET = 6.1;
				OTHER_CFLAGS = "-DNS_BLOCK_ASSERTIONS=1";
				SDKROOT = iphoneos;
				VALIDATE_PRODUCT = YES;
			};
			name = Release;
		};
		4AB6FAC51740C5AE00DDBAD4 /* Debug */ = {
			isa = XCBuildConfiguration;
			buildSettings = {
				GCC_PRECOMPILE_PREFIX_HEADER = YES;
				GCC_PREFIX_HEADER = "FakeEnumerable/FakeEnumerable-Prefix.pch";
				INFOPLIST_FILE = "FakeEnumerable/FakeEnumerable-Info.plist";
				PRODUCT_NAME = "$(TARGET_NAME)";
				WRAPPER_EXTENSION = app;
			};
			name = Debug;
		};
		4AB6FAC61740C5AE00DDBAD4 /* Release */ = {
			isa = XCBuildConfiguration;
			buildSettings = {
				GCC_PRECOMPILE_PREFIX_HEADER = YES;
				GCC_PREFIX_HEADER = "FakeEnumerable/FakeEnumerable-Prefix.pch";
				INFOPLIST_FILE = "FakeEnumerable/FakeEnumerable-Info.plist";
				PRODUCT_NAME = "$(TARGET_NAME)";
				WRAPPER_EXTENSION = app;
			};
			name = Release;
		};
		4AB6FAC81740C5AE00DDBAD4 /* Debug */ = {
			isa = XCBuildConfiguration;
			baseConfigurationReference = 4369A65CC79345AF9AB080F3 /* Pods-FakeEnumerableTests.xcconfig */;
			buildSettings = {
				BUNDLE_LOADER = "$(BUILT_PRODUCTS_DIR)/FakeEnumerable.app/FakeEnumerable";
				FRAMEWORK_SEARCH_PATHS = "$(inherited)";
				GCC_PRECOMPILE_PREFIX_HEADER = YES;
				GCC_PREFIX_HEADER = "FakeEnumerable/FakeEnumerable-Prefix.pch";
				INFOPLIST_FILE = "FakeEnumerableTests/FakeEnumerableTests-Info.plist";
				PRODUCT_NAME = "$(TARGET_NAME)";
				TEST_HOST = "$(BUNDLE_LOADER)";
				WRAPPER_EXTENSION = octest;
			};
			name = Debug;
		};
		4AB6FAC91740C5AE00DDBAD4 /* Release */ = {
			isa = XCBuildConfiguration;
			baseConfigurationReference = 4369A65CC79345AF9AB080F3 /* Pods-FakeEnumerableTests.xcconfig */;
			buildSettings = {
				BUNDLE_LOADER = "$(BUILT_PRODUCTS_DIR)/FakeEnumerable.app/FakeEnumerable";
				FRAMEWORK_SEARCH_PATHS = "$(inherited)";
				GCC_PRECOMPILE_PREFIX_HEADER = YES;
				GCC_PREFIX_HEADER = "FakeEnumerable/FakeEnumerable-Prefix.pch";
				INFOPLIST_FILE = "FakeEnumerableTests/FakeEnumerableTests-Info.plist";
				PRODUCT_NAME = "$(TARGET_NAME)";
				TEST_HOST = "$(BUNDLE_LOADER)";
				WRAPPER_EXTENSION = octest;
			};
			name = Release;
		};
/* End XCBuildConfiguration section */

/* Begin XCConfigurationList section */
		4AB6FA8D1740C5AE00DDBAD4 /* Build configuration list for PBXProject "FakeEnumerable" */ = {
			isa = XCConfigurationList;
			buildConfigurations = (
				4AB6FAC21740C5AE00DDBAD4 /* Debug */,
				4AB6FAC31740C5AE00DDBAD4 /* Release */,
			);
			defaultConfigurationIsVisible = 0;
			defaultConfigurationName = Release;
		};
		4AB6FAC41740C5AE00DDBAD4 /* Build configuration list for PBXNativeTarget "FakeEnumerable" */ = {
			isa = XCConfigurationList;
			buildConfigurations = (
				4AB6FAC51740C5AE00DDBAD4 /* Debug */,
				4AB6FAC61740C5AE00DDBAD4 /* Release */,
			);
			defaultConfigurationIsVisible = 0;
			defaultConfigurationName = Release;
		};
		4AB6FAC71740C5AE00DDBAD4 /* Build configuration list for PBXNativeTarget "FakeEnumerableTests" */ = {
			isa = XCConfigurationList;
			buildConfigurations = (
				4AB6FAC81740C5AE00DDBAD4 /* Debug */,
				4AB6FAC91740C5AE00DDBAD4 /* Release */,
			);
			defaultConfigurationIsVisible = 0;
			defaultConfigurationName = Release;
		};
/* End XCConfigurationList section */
	};
	rootObject = 4AB6FA8A1740C5AE00DDBAD4 /* Project object */;
}
