<?xml version="1.0" encoding="UTF-8"?>
<!DOCTYPE plist PUBLIC "-//Apple//DTD PLIST 1.0//EN" "http://www.apple.com/DTDs/PropertyList-1.0.dtd">
<plist version="1.0">
<dict>
	<key>archiveVersion</key>
	<string>1</string>
	<key>classes</key>
	<dict/>
	<key>objectVersion</key>
	<string>46</string>
	<key>objects</key>
	<dict>
		<key>0CDB5B4949A94BE49E0FE2D8</key>
		<dict>
			<key>buildActionMask</key>
			<string>2147483647</string>
			<key>files</key>
			<array/>
			<key>inputPaths</key>
			<array/>
			<key>isa</key>
			<string>PBXShellScriptBuildPhase</string>
			<key>name</key>
			<string>Copy Pods Resources</string>
			<key>outputPaths</key>
			<array/>
			<key>runOnlyForDeploymentPostprocessing</key>
			<string>0</string>
			<key>shellPath</key>
			<string>/bin/sh</string>
			<key>shellScript</key>
			<string>"${SRCROOT}/Pods/Target Support Files/Pods-Specs/Pods-Specs-resources.sh"
</string>
			<key>showEnvVarsInLog</key>
			<string>0</string>
		</dict>
		<key>226A8EF07A29465E938B2D19</key>
		<dict>
			<key>explicitFileType</key>
			<string>archive.ar</string>
			<key>includeInIndex</key>
			<string>0</string>
			<key>isa</key>
			<string>PBXFileReference</string>
			<key>path</key>
			<string>libPods-EnumeratorKitTests.a</string>
			<key>sourceTree</key>
			<string>BUILT_PRODUCTS_DIR</string>
		</dict>
		<key>3E07F2E7B99D439C8D343248</key>
		<dict>
			<key>fileRef</key>
			<string>8C2FE23C509349279B73E901</string>
			<key>isa</key>
			<string>PBXBuildFile</string>
		</dict>
		<key>4A20CDC6177C3169004E510D</key>
		<dict>
			<key>isa</key>
			<string>PBXFileReference</string>
			<key>lastKnownFileType</key>
			<string>sourcecode.c.h</string>
			<key>path</key>
			<string>EKSerialOperationQueue.h</string>
			<key>sourceTree</key>
			<string>&lt;group&gt;</string>
		</dict>
		<key>4A20CDC7177C31D1004E510D</key>
		<dict>
			<key>fileEncoding</key>
			<string>4</string>
			<key>isa</key>
			<string>PBXFileReference</string>
			<key>lastKnownFileType</key>
			<string>sourcecode.c.objc</string>
			<key>path</key>
			<string>EKSerialOperationQueue.m</string>
			<key>sourceTree</key>
			<string>&lt;group&gt;</string>
		</dict>
		<key>4A20CDC8177C31D1004E510D</key>
		<dict>
			<key>fileRef</key>
			<string>4A20CDC7177C31D1004E510D</string>
			<key>isa</key>
			<string>PBXBuildFile</string>
		</dict>
		<key>4A20CDC9177C3297004E510D</key>
		<dict>
			<key>fileEncoding</key>
			<string>4</string>
			<key>isa</key>
			<string>PBXFileReference</string>
			<key>lastKnownFileType</key>
			<string>sourcecode.c.objc</string>
			<key>path</key>
			<string>EKSerialOperationQueueSpec.m</string>
			<key>sourceTree</key>
			<string>&lt;group&gt;</string>
		</dict>
		<key>4A37C9A917507AB1004A052E</key>
		<dict>
			<key>fileEncoding</key>
			<string>4</string>
			<key>isa</key>
			<string>PBXFileReference</string>
			<key>lastKnownFileType</key>
			<string>sourcecode.c.objc</string>
			<key>path</key>
			<string>NSObjectIncludeEKEnumerableSpec.m</string>
			<key>sourceTree</key>
			<string>&lt;group&gt;</string>
		</dict>
		<key>4A505314179E746B0002630C</key>
		<dict>
			<key>fileEncoding</key>
			<string>4</string>
			<key>isa</key>
			<string>PBXFileReference</string>
			<key>lastKnownFileType</key>
			<string>sourcecode.c.objc</string>
			<key>path</key>
			<string>NSArrayEKFlattenSpec.m</string>
			<key>sourceTree</key>
			<string>&lt;group&gt;</string>
		</dict>
		<key>4A505316179E74930002630C</key>
		<dict>
			<key>fileEncoding</key>
			<string>4</string>
			<key>isa</key>
			<string>PBXFileReference</string>
			<key>lastKnownFileType</key>
			<string>sourcecode.c.h</string>
			<key>path</key>
			<string>NSArray+EKFlatten.h</string>
			<key>sourceTree</key>
			<string>&lt;group&gt;</string>
		</dict>
		<key>4A505317179E74930002630C</key>
		<dict>
			<key>fileEncoding</key>
			<string>4</string>
			<key>isa</key>
			<string>PBXFileReference</string>
			<key>lastKnownFileType</key>
			<string>sourcecode.c.objc</string>
			<key>path</key>
			<string>NSArray+EKFlatten.m</string>
			<key>sourceTree</key>
			<string>&lt;group&gt;</string>
		</dict>
		<key>4A505318179E74930002630C</key>
		<dict>
			<key>fileRef</key>
			<string>4A505317179E74930002630C</string>
			<key>isa</key>
			<string>PBXBuildFile</string>
		</dict>
		<key>4A50613F177C453E0043C974</key>
		<dict>
			<key>fileEncoding</key>
			<string>4</string>
			<key>isa</key>
			<string>PBXFileReference</string>
			<key>lastKnownFileType</key>
			<string>sourcecode.c.h</string>
			<key>path</key>
			<string>EKSemaphore.h</string>
			<key>sourceTree</key>
			<string>&lt;group&gt;</string>
		</dict>
		<key>4A506140177C453E0043C974</key>
		<dict>
			<key>fileEncoding</key>
			<string>4</string>
			<key>isa</key>
			<string>PBXFileReference</string>
			<key>lastKnownFileType</key>
			<string>sourcecode.c.objc</string>
			<key>path</key>
			<string>EKSemaphore.m</string>
			<key>sourceTree</key>
			<string>&lt;group&gt;</string>
		</dict>
		<key>4A506141177C453E0043C974</key>
		<dict>
			<key>fileRef</key>
			<string>4A506140177C453E0043C974</string>
			<key>isa</key>
			<string>PBXBuildFile</string>
		</dict>
		<key>4A531295177D70EF009F9180</key>
		<dict>
			<key>fileEncoding</key>
			<string>4</string>
			<key>isa</key>
			<string>PBXFileReference</string>
			<key>lastKnownFileType</key>
			<string>sourcecode.c.objc</string>
			<key>path</key>
			<string>EKSemaphoreSpec.m</string>
			<key>sourceTree</key>
			<string>&lt;group&gt;</string>
		</dict>
		<key>4A6A09F5185F97900053DAE2</key>
		<dict>
			<key>fileRef</key>
			<string>4AC3BB7A174B6D9100108331</string>
			<key>isa</key>
			<string>PBXBuildFile</string>
		</dict>
		<key>4A6A09F6185F97BB0053DAE2</key>
		<dict>
			<key>fileRef</key>
			<string>4AC073BA174AC561005FA8E5</string>
			<key>isa</key>
			<string>PBXBuildFile</string>
		</dict>
		<key>4A6A09FF185FA4A80053DAE2</key>
		<dict>
			<key>fileRef</key>
			<string>4ACB2E071754184D009AC260</string>
			<key>isa</key>
			<string>PBXBuildFile</string>
		</dict>
		<key>4A6A0A00185FA4A80053DAE2</key>
		<dict>
			<key>fileRef</key>
			<string>4ACB2E0C175452EB009AC260</string>
			<key>isa</key>
			<string>PBXBuildFile</string>
		</dict>
		<key>4A6A0A01185FA4A80053DAE2</key>
		<dict>
			<key>fileRef</key>
			<string>4ACB2E11175457AF009AC260</string>
			<key>isa</key>
			<string>PBXBuildFile</string>
		</dict>
		<key>4A6A0A02185FA4A80053DAE2</key>
		<dict>
			<key>fileRef</key>
			<string>4AD3D58F175348CD0050CE35</string>
			<key>isa</key>
			<string>PBXBuildFile</string>
		</dict>
		<key>4A6A0A03185FA4A80053DAE2</key>
		<dict>
			<key>fileRef</key>
			<string>4AC073F9174AC90E005FA8E5</string>
			<key>isa</key>
			<string>PBXBuildFile</string>
		</dict>
		<key>4A6A0A04185FA4A80053DAE2</key>
		<dict>
			<key>fileRef</key>
			<string>4A531295177D70EF009F9180</string>
			<key>isa</key>
			<string>PBXBuildFile</string>
		</dict>
		<key>4A6A0A05185FA4A80053DAE2</key>
		<dict>
			<key>fileRef</key>
			<string>4A20CDC9177C3297004E510D</string>
			<key>isa</key>
			<string>PBXBuildFile</string>
		</dict>
		<key>4A6A0A06185FA4A80053DAE2</key>
		<dict>
			<key>fileRef</key>
			<string>4A37C9A917507AB1004A052E</string>
			<key>isa</key>
			<string>PBXBuildFile</string>
		</dict>
		<key>4A6A0A07185FA4A80053DAE2</key>
		<dict>
			<key>fileRef</key>
			<string>4AD3D59417534E8A0050CE35</string>
			<key>isa</key>
			<string>PBXBuildFile</string>
		</dict>
		<key>4A6A0A08185FA4A80053DAE2</key>
		<dict>
			<key>fileRef</key>
			<string>4A505314179E746B0002630C</string>
			<key>isa</key>
			<string>PBXBuildFile</string>
		</dict>
		<key>4A6A0A09185FA4A80053DAE2</key>
		<dict>
			<key>fileRef</key>
			<string>4ACB2E251755F42F009AC260</string>
			<key>isa</key>
			<string>PBXBuildFile</string>
		</dict>
		<key>4A86564717B4D7000045DB54</key>
		<dict>
			<key>buildActionMask</key>
			<string>2147483647</string>
			<key>files</key>
			<array/>
			<key>inputPaths</key>
			<array/>
			<key>isa</key>
			<string>PBXShellScriptBuildPhase</string>
			<key>outputPaths</key>
			<array/>
			<key>runOnlyForDeploymentPostprocessing</key>
			<string>0</string>
			<key>shellPath</key>
			<string>/bin/sh</string>
			<key>shellScript</key>
			<string>rake docs</string>
			<key>showEnvVarsInLog</key>
			<string>0</string>
		</dict>
		<key>4AB6FA891740C5AE00DDBAD4</key>
		<dict>
			<key>children</key>
			<array>
				<string>4AC073BC174AC561005FA8E5</string>
				<string>4AC073CF174AC561005FA8E5</string>
				<string>4AB6FA941740C5AE00DDBAD4</string>
				<string>4AB6FA931740C5AE00DDBAD4</string>
				<string>D13CEB7E2206E8451134FA1B</string>
			</array>
			<key>isa</key>
			<string>PBXGroup</string>
			<key>sourceTree</key>
			<string>&lt;group&gt;</string>
		</dict>
		<key>4AB6FA8A1740C5AE00DDBAD4</key>
		<dict>
			<key>attributes</key>
			<dict>
				<key>LastTestingUpgradeCheck</key>
				<string>0510</string>
				<key>LastUpgradeCheck</key>
				<string>0510</string>
				<key>ORGANIZATIONNAME</key>
				<string>Adam Sharp</string>
				<key>TargetAttributes</key>
				<dict>
					<key>4AD13087185C0C3B003E7145</key>
					<dict>
						<key>TestTargetID</key>
						<string>4AC073B9174AC561005FA8E5</string>
					</dict>
				</dict>
			</dict>
			<key>buildConfigurationList</key>
			<string>4AB6FA8D1740C5AE00DDBAD4</string>
			<key>compatibilityVersion</key>
			<string>Xcode 3.2</string>
			<key>developmentRegion</key>
			<string>English</string>
			<key>hasScannedForEncodings</key>
			<string>0</string>
			<key>isa</key>
			<string>PBXProject</string>
			<key>knownRegions</key>
			<array>
				<string>en</string>
			</array>
			<key>mainGroup</key>
			<string>4AB6FA891740C5AE00DDBAD4</string>
			<key>productRefGroup</key>
			<string>4AB6FA931740C5AE00DDBAD4</string>
			<key>projectDirPath</key>
			<string></string>
			<key>projectReferences</key>
			<array/>
			<key>projectRoot</key>
			<string></string>
			<key>targets</key>
			<array>
				<string>4AC073B9174AC561005FA8E5</string>
				<string>4AD13087185C0C3B003E7145</string>
			</array>
		</dict>
		<key>4AB6FA8D1740C5AE00DDBAD4</key>
		<dict>
			<key>buildConfigurations</key>
			<array>
				<string>4AB6FAC21740C5AE00DDBAD4</string>
				<string>4AB6FAC31740C5AE00DDBAD4</string>
			</array>
			<key>defaultConfigurationIsVisible</key>
			<string>0</string>
			<key>defaultConfigurationName</key>
			<string>Release</string>
			<key>isa</key>
			<string>XCConfigurationList</string>
		</dict>
		<key>4AB6FA931740C5AE00DDBAD4</key>
		<dict>
			<key>children</key>
			<array>
				<string>4AC073BA174AC561005FA8E5</string>
				<string>4AD13088185C0C3B003E7145</string>
			</array>
			<key>isa</key>
			<string>PBXGroup</string>
			<key>name</key>
			<string>Products</string>
			<key>sourceTree</key>
			<string>&lt;group&gt;</string>
		</dict>
		<key>4AB6FA941740C5AE00DDBAD4</key>
		<dict>
			<key>children</key>
			<array>
				<string>4AB6FA971740C5AE00DDBAD4</string>
				<string>4AB6FAB31740C5AE00DDBAD4</string>
				<string>4AD13089185C0C3B003E7145</string>
				<string>226A8EF07A29465E938B2D19</string>
				<string>8C2FE23C509349279B73E901</string>
			</array>
			<key>isa</key>
			<string>PBXGroup</string>
			<key>name</key>
			<string>Frameworks</string>
			<key>sourceTree</key>
			<string>&lt;group&gt;</string>
		</dict>
		<key>4AB6FA971740C5AE00DDBAD4</key>
		<dict>
			<key>isa</key>
			<string>PBXFileReference</string>
			<key>lastKnownFileType</key>
			<string>wrapper.framework</string>
			<key>name</key>
			<string>Foundation.framework</string>
			<key>path</key>
			<string>System/Library/Frameworks/Foundation.framework</string>
			<key>sourceTree</key>
			<string>SDKROOT</string>
		</dict>
		<key>4AB6FAB31740C5AE00DDBAD4</key>
		<dict>
			<key>isa</key>
			<string>PBXFileReference</string>
			<key>lastKnownFileType</key>
			<string>wrapper.framework</string>
			<key>name</key>
			<string>SenTestingKit.framework</string>
			<key>path</key>
			<string>Library/Frameworks/SenTestingKit.framework</string>
			<key>sourceTree</key>
			<string>DEVELOPER_DIR</string>
		</dict>
		<key>4AB6FAC21740C5AE00DDBAD4</key>
		<dict>
			<key>buildSettings</key>
			<dict>
				<key>ALWAYS_SEARCH_USER_PATHS</key>
				<string>NO</string>
				<key>CLANG_CXX_LANGUAGE_STANDARD</key>
				<string>gnu++0x</string>
				<key>CLANG_CXX_LIBRARY</key>
				<string>libc++</string>
				<key>CLANG_ENABLE_OBJC_ARC</key>
				<string>YES</string>
				<key>CLANG_WARN_CONSTANT_CONVERSION</key>
				<string>YES</string>
				<key>CLANG_WARN_EMPTY_BODY</key>
				<string>YES</string>
				<key>CLANG_WARN_ENUM_CONVERSION</key>
				<string>YES</string>
				<key>CLANG_WARN_INT_CONVERSION</key>
				<string>YES</string>
				<key>CLANG_WARN__DUPLICATE_METHOD_MATCH</key>
				<string>YES</string>
				<key>CODE_SIGN_IDENTITY[sdk=iphoneos*]</key>
				<string>iPhone Developer</string>
				<key>COPY_PHASE_STRIP</key>
				<string>NO</string>
				<key>GCC_C_LANGUAGE_STANDARD</key>
				<string>gnu99</string>
				<key>GCC_DYNAMIC_NO_PIC</key>
				<string>NO</string>
				<key>GCC_OPTIMIZATION_LEVEL</key>
				<string>0</string>
				<key>GCC_PREPROCESSOR_DEFINITIONS</key>
				<array>
					<string>DEBUG=1</string>
					<string>$(inherited)</string>
				</array>
				<key>GCC_SYMBOLS_PRIVATE_EXTERN</key>
				<string>NO</string>
				<key>GCC_WARN_ABOUT_RETURN_TYPE</key>
				<string>YES</string>
				<key>GCC_WARN_UNINITIALIZED_AUTOS</key>
				<string>YES</string>
				<key>GCC_WARN_UNUSED_VARIABLE</key>
				<string>YES</string>
				<key>IPHONEOS_DEPLOYMENT_TARGET</key>
				<string>5.1.1</string>
				<key>ONLY_ACTIVE_ARCH</key>
				<string>YES</string>
				<key>SDKROOT</key>
				<string>iphoneos</string>
				<key>SUPPORTED_PLATFORMS</key>
				<string>iphonesimulator iphoneos</string>
			</dict>
			<key>isa</key>
			<string>XCBuildConfiguration</string>
			<key>name</key>
			<string>Debug</string>
		</dict>
		<key>4AB6FAC31740C5AE00DDBAD4</key>
		<dict>
			<key>buildSettings</key>
			<dict>
				<key>ALWAYS_SEARCH_USER_PATHS</key>
				<string>NO</string>
				<key>CLANG_CXX_LANGUAGE_STANDARD</key>
				<string>gnu++0x</string>
				<key>CLANG_CXX_LIBRARY</key>
				<string>libc++</string>
				<key>CLANG_ENABLE_OBJC_ARC</key>
				<string>YES</string>
				<key>CLANG_WARN_CONSTANT_CONVERSION</key>
				<string>YES</string>
				<key>CLANG_WARN_EMPTY_BODY</key>
				<string>YES</string>
				<key>CLANG_WARN_ENUM_CONVERSION</key>
				<string>YES</string>
				<key>CLANG_WARN_INT_CONVERSION</key>
				<string>YES</string>
				<key>CLANG_WARN__DUPLICATE_METHOD_MATCH</key>
				<string>YES</string>
				<key>CODE_SIGN_IDENTITY[sdk=iphoneos*]</key>
				<string>iPhone Developer</string>
				<key>COPY_PHASE_STRIP</key>
				<string>YES</string>
				<key>GCC_C_LANGUAGE_STANDARD</key>
				<string>gnu99</string>
				<key>GCC_WARN_ABOUT_RETURN_TYPE</key>
				<string>YES</string>
				<key>GCC_WARN_UNINITIALIZED_AUTOS</key>
				<string>YES</string>
				<key>GCC_WARN_UNUSED_VARIABLE</key>
				<string>YES</string>
				<key>IPHONEOS_DEPLOYMENT_TARGET</key>
				<string>5.1.1</string>
				<key>OTHER_CFLAGS</key>
				<string>-DNS_BLOCK_ASSERTIONS=1</string>
				<key>SDKROOT</key>
				<string>iphoneos</string>
				<key>SUPPORTED_PLATFORMS</key>
				<string>iphonesimulator iphoneos</string>
				<key>VALIDATE_PRODUCT</key>
				<string>YES</string>
			</dict>
			<key>isa</key>
			<string>XCBuildConfiguration</string>
			<key>name</key>
			<string>Release</string>
		</dict>
		<key>4AB6FACF1740D56E00DDBAD4</key>
		<dict>
			<key>fileEncoding</key>
			<string>4</string>
			<key>isa</key>
			<string>PBXFileReference</string>
			<key>lastKnownFileType</key>
			<string>sourcecode.c.h</string>
			<key>lineEnding</key>
			<string>0</string>
			<key>path</key>
			<string>EKEnumerator.h</string>
			<key>sourceTree</key>
			<string>&lt;group&gt;</string>
			<key>xcLanguageSpecificationIdentifier</key>
			<string>xcode.lang.objcpp</string>
		</dict>
		<key>4AB6FAD01740D56E00DDBAD4</key>
		<dict>
			<key>fileEncoding</key>
			<string>4</string>
			<key>isa</key>
			<string>PBXFileReference</string>
			<key>lastKnownFileType</key>
			<string>sourcecode.c.objc</string>
			<key>lineEnding</key>
			<string>0</string>
			<key>path</key>
			<string>EKEnumerator.m</string>
			<key>sourceTree</key>
			<string>&lt;group&gt;</string>
		</dict>
		<key>4AB6FAD51740D97100DDBAD4</key>
		<dict>
			<key>fileEncoding</key>
			<string>4</string>
			<key>isa</key>
			<string>PBXFileReference</string>
			<key>lastKnownFileType</key>
			<string>sourcecode.c.h</string>
			<key>lineEnding</key>
			<string>0</string>
			<key>path</key>
			<string>EKEnumerable.h</string>
			<key>sourceTree</key>
			<string>&lt;group&gt;</string>
		</dict>
		<key>4AB6FAD61740D97100DDBAD4</key>
		<dict>
			<key>fileEncoding</key>
			<string>4</string>
			<key>isa</key>
			<string>PBXFileReference</string>
			<key>lastKnownFileType</key>
			<string>sourcecode.c.objc</string>
			<key>lineEnding</key>
			<string>0</string>
			<key>path</key>
			<string>EKEnumerable.m</string>
			<key>sourceTree</key>
			<string>&lt;group&gt;</string>
		</dict>
		<key>4AC073B6174AC561005FA8E5</key>
		<dict>
			<key>buildActionMask</key>
			<string>2147483647</string>
			<key>files</key>
			<array>
				<string>4AC073E0174AC629005FA8E5</string>
				<string>4AC073E4174AC6FB005FA8E5</string>
				<string>4A506141177C453E0043C974</string>
				<string>4AC073FB174ACCAF005FA8E5</string>
				<string>4AC073FC174ACCAF005FA8E5</string>
				<string>4AD3D59317534ACD0050CE35</string>
				<string>4ACB2E061754161C009AC260</string>
				<string>4A20CDC8177C31D1004E510D</string>
				<string>4ACB2E0B17541B6E009AC260</string>
				<string>4ACB2E1017545532009AC260</string>
				<string>4A505318179E74930002630C</string>
			</array>
			<key>isa</key>
			<string>PBXSourcesBuildPhase</string>
			<key>runOnlyForDeploymentPostprocessing</key>
			<string>0</string>
		</dict>
		<key>4AC073B7174AC561005FA8E5</key>
		<dict>
			<key>buildActionMask</key>
			<string>2147483647</string>
			<key>files</key>
			<array>
				<string>4AC073BB174AC561005FA8E5</string>
			</array>
			<key>isa</key>
			<string>PBXFrameworksBuildPhase</string>
			<key>runOnlyForDeploymentPostprocessing</key>
			<string>0</string>
		</dict>
		<key>4AC073B8174AC561005FA8E5</key>
		<dict>
			<key>buildActionMask</key>
			<string>2147483647</string>
			<key>dstPath</key>
			<string>include/${PRODUCT_NAME}</string>
			<key>dstSubfolderSpec</key>
			<string>16</string>
			<key>files</key>
			<array/>
			<key>isa</key>
			<string>PBXCopyFilesBuildPhase</string>
			<key>runOnlyForDeploymentPostprocessing</key>
			<string>0</string>
		</dict>
		<key>4AC073B9174AC561005FA8E5</key>
		<dict>
			<key>buildConfigurationList</key>
			<string>4AC073D8174AC561005FA8E5</string>
			<key>buildPhases</key>
			<array>
				<string>4AC073B6174AC561005FA8E5</string>
				<string>4AC073B7174AC561005FA8E5</string>
				<string>4AC073B8174AC561005FA8E5</string>
				<string>4A86564717B4D7000045DB54</string>
			</array>
			<key>buildRules</key>
			<array/>
			<key>dependencies</key>
			<array/>
			<key>isa</key>
			<string>PBXNativeTarget</string>
			<key>name</key>
			<string>EnumeratorKit</string>
			<key>productName</key>
			<string>EnumeratorKit</string>
			<key>productReference</key>
			<string>4AC073BA174AC561005FA8E5</string>
			<key>productType</key>
			<string>com.apple.product-type.library.static</string>
		</dict>
		<key>4AC073BA174AC561005FA8E5</key>
		<dict>
			<key>explicitFileType</key>
			<string>archive.ar</string>
			<key>includeInIndex</key>
			<string>0</string>
			<key>isa</key>
			<string>PBXFileReference</string>
			<key>path</key>
			<string>libEnumeratorKit.a</string>
			<key>sourceTree</key>
			<string>BUILT_PRODUCTS_DIR</string>
		</dict>
		<key>4AC073BB174AC561005FA8E5</key>
		<dict>
			<key>fileRef</key>
			<string>4AB6FA971740C5AE00DDBAD4</string>
			<key>isa</key>
			<string>PBXBuildFile</string>
		</dict>
		<key>4AC073BC174AC561005FA8E5</key>
		<dict>
			<key>children</key>
			<array>
				<string>4AC3BB79174B64EB00108331</string>
				<string>4AC3BB77174B62E500108331</string>
				<string>4AC073E1174AC63B005FA8E5</string>
				<string>4AC073BD174AC561005FA8E5</string>
			</array>
			<key>isa</key>
			<string>PBXGroup</string>
			<key>path</key>
			<string>EnumeratorKit</string>
			<key>sourceTree</key>
			<string>&lt;group&gt;</string>
		</dict>
		<key>4AC073BD174AC561005FA8E5</key>
		<dict>
			<key>children</key>
			<array>
				<string>4AC073BE174AC561005FA8E5</string>
			</array>
			<key>isa</key>
			<string>PBXGroup</string>
			<key>name</key>
			<string>Supporting Files</string>
			<key>sourceTree</key>
			<string>&lt;group&gt;</string>
		</dict>
		<key>4AC073BE174AC561005FA8E5</key>
		<dict>
			<key>isa</key>
			<string>PBXFileReference</string>
			<key>lastKnownFileType</key>
			<string>sourcecode.c.h</string>
			<key>path</key>
			<string>EnumeratorKit-Prefix.pch</string>
			<key>sourceTree</key>
			<string>&lt;group&gt;</string>
		</dict>
		<key>4AC073CF174AC561005FA8E5</key>
		<dict>
			<key>children</key>
			<array>
				<string>4AC3BB7A174B6D9100108331</string>
				<string>CE26A0961A85B1BA000A4F1B</string>
				<string>4ACB2E071754184D009AC260</string>
				<string>4ACB2E0C175452EB009AC260</string>
				<string>4ACB2E11175457AF009AC260</string>
				<string>4AD3D58F175348CD0050CE35</string>
				<string>4AC073F9174AC90E005FA8E5</string>
				<string>4A531295177D70EF009F9180</string>
				<string>4A20CDC9177C3297004E510D</string>
				<string>4A37C9A917507AB1004A052E</string>
				<string>4AD3D59417534E8A0050CE35</string>
				<string>4A505314179E746B0002630C</string>
				<string>4ACB2E231755F403009AC260</string>
			</array>
			<key>isa</key>
			<string>PBXGroup</string>
			<key>path</key>
			<string>Tests</string>
			<key>sourceTree</key>
			<string>&lt;group&gt;</string>
		</dict>
		<key>4AC073D8174AC561005FA8E5</key>
		<dict>
			<key>buildConfigurations</key>
			<array>
				<string>4AC073D9174AC561005FA8E5</string>
				<string>4AC073DA174AC561005FA8E5</string>
			</array>
			<key>defaultConfigurationIsVisible</key>
			<string>0</string>
			<key>defaultConfigurationName</key>
			<string>Release</string>
			<key>isa</key>
			<string>XCConfigurationList</string>
		</dict>
		<key>4AC073D9174AC561005FA8E5</key>
		<dict>
			<key>buildSettings</key>
			<dict>
				<key>CLANG_ANALYZER_SECURITY_FLOATLOOPCOUNTER</key>
				<string>YES</string>
				<key>CLANG_ANALYZER_SECURITY_INSECUREAPI_RAND</key>
				<string>YES</string>
				<key>CLANG_ANALYZER_SECURITY_INSECUREAPI_STRCPY</key>
				<string>YES</string>
				<key>CLANG_WARN_OBJC_IMPLICIT_RETAIN_SELF</key>
				<string>YES</string>
				<key>CLANG_WARN_OBJC_REPEATED_USE_OF_WEAK</key>
				<string>YES</string>
				<key>CLANG_WARN_SUSPICIOUS_IMPLICIT_CONVERSION</key>
				<string>YES</string>
				<key>DSTROOT</key>
				<string>/tmp/EnumeratorKit.dst</string>
				<key>GCC_PRECOMPILE_PREFIX_HEADER</key>
				<string>YES</string>
				<key>GCC_PREFIX_HEADER</key>
				<string>EnumeratorKit/EnumeratorKit-Prefix.pch</string>
				<key>GCC_TREAT_WARNINGS_AS_ERRORS</key>
				<string>YES</string>
				<key>GCC_WARN_64_TO_32_BIT_CONVERSION</key>
				<string>YES</string>
				<key>GCC_WARN_ABOUT_MISSING_NEWLINE</key>
				<string>YES</string>
				<key>GCC_WARN_INITIALIZER_NOT_FULLY_BRACKETED</key>
				<string>YES</string>
				<key>GCC_WARN_SHADOW</key>
				<string>YES</string>
				<key>GCC_WARN_UNUSED_FUNCTION</key>
				<string>YES</string>
				<key>IPHONEOS_DEPLOYMENT_TARGET</key>
				<string>5.0</string>
				<key>OTHER_LDFLAGS</key>
				<string></string>
				<key>PRODUCT_NAME</key>
				<string>$(TARGET_NAME)</string>
				<key>RUN_CLANG_STATIC_ANALYZER</key>
				<string>YES</string>
				<key>SKIP_INSTALL</key>
				<string>YES</string>
				<key>WARNING_CFLAGS</key>
				<array>
					<string>-Wextra</string>
					<string>-Wno-unused-parameter</string>
					<string>-Wunreachable-code</string>
				</array>
			</dict>
			<key>isa</key>
			<string>XCBuildConfiguration</string>
			<key>name</key>
			<string>Debug</string>
		</dict>
		<key>4AC073DA174AC561005FA8E5</key>
		<dict>
			<key>buildSettings</key>
			<dict>
				<key>CLANG_ANALYZER_SECURITY_FLOATLOOPCOUNTER</key>
				<string>YES</string>
				<key>CLANG_ANALYZER_SECURITY_INSECUREAPI_RAND</key>
				<string>YES</string>
				<key>CLANG_ANALYZER_SECURITY_INSECUREAPI_STRCPY</key>
				<string>YES</string>
				<key>CLANG_WARN_OBJC_IMPLICIT_RETAIN_SELF</key>
				<string>YES</string>
				<key>CLANG_WARN_OBJC_REPEATED_USE_OF_WEAK</key>
				<string>YES</string>
				<key>CLANG_WARN_SUSPICIOUS_IMPLICIT_CONVERSION</key>
				<string>YES</string>
				<key>DSTROOT</key>
				<string>/tmp/EnumeratorKit.dst</string>
				<key>GCC_PRECOMPILE_PREFIX_HEADER</key>
				<string>YES</string>
				<key>GCC_PREFIX_HEADER</key>
				<string>EnumeratorKit/EnumeratorKit-Prefix.pch</string>
				<key>GCC_TREAT_WARNINGS_AS_ERRORS</key>
				<string>YES</string>
				<key>GCC_WARN_64_TO_32_BIT_CONVERSION</key>
				<string>YES</string>
				<key>GCC_WARN_ABOUT_MISSING_NEWLINE</key>
				<string>YES</string>
				<key>GCC_WARN_INITIALIZER_NOT_FULLY_BRACKETED</key>
				<string>YES</string>
				<key>GCC_WARN_SHADOW</key>
				<string>YES</string>
				<key>GCC_WARN_UNUSED_FUNCTION</key>
				<string>YES</string>
				<key>IPHONEOS_DEPLOYMENT_TARGET</key>
				<string>5.0</string>
				<key>OTHER_LDFLAGS</key>
				<string></string>
				<key>PRODUCT_NAME</key>
				<string>$(TARGET_NAME)</string>
				<key>RUN_CLANG_STATIC_ANALYZER</key>
				<string>YES</string>
				<key>SKIP_INSTALL</key>
				<string>YES</string>
				<key>WARNING_CFLAGS</key>
				<array>
					<string>-Wextra</string>
					<string>-Wno-unused-parameter</string>
					<string>-Wunreachable-code</string>
				</array>
			</dict>
			<key>isa</key>
			<string>XCBuildConfiguration</string>
			<key>name</key>
			<string>Release</string>
		</dict>
		<key>4AC073DE174AC629005FA8E5</key>
		<dict>
			<key>fileEncoding</key>
			<string>4</string>
			<key>isa</key>
			<string>PBXFileReference</string>
			<key>lastKnownFileType</key>
			<string>sourcecode.c.h</string>
			<key>lineEnding</key>
			<string>0</string>
			<key>path</key>
			<string>NSArray+EKEnumerable.h</string>
			<key>sourceTree</key>
			<string>&lt;group&gt;</string>
			<key>xcLanguageSpecificationIdentifier</key>
			<string>xcode.lang.objcpp</string>
		</dict>
		<key>4AC073DF174AC629005FA8E5</key>
		<dict>
			<key>fileEncoding</key>
			<string>4</string>
			<key>isa</key>
			<string>PBXFileReference</string>
			<key>lastKnownFileType</key>
			<string>sourcecode.c.objc</string>
			<key>lineEnding</key>
			<string>0</string>
			<key>path</key>
			<string>NSArray+EKEnumerable.m</string>
			<key>sourceTree</key>
			<string>&lt;group&gt;</string>
		</dict>
		<key>4AC073E0174AC629005FA8E5</key>
		<dict>
			<key>fileRef</key>
			<string>4AC073DF174AC629005FA8E5</string>
			<key>isa</key>
			<string>PBXBuildFile</string>
		</dict>
		<key>4AC073E1174AC63B005FA8E5</key>
		<dict>
			<key>children</key>
			<array>
				<string>4AC073E2174AC6FB005FA8E5</string>
				<string>4AC073E3174AC6FB005FA8E5</string>
				<string>4A50613F177C453E0043C974</string>
				<string>4A506140177C453E0043C974</string>
				<string>4A20CDC6177C3169004E510D</string>
				<string>4A20CDC7177C31D1004E510D</string>
			</array>
			<key>isa</key>
			<string>PBXGroup</string>
			<key>path</key>
			<string>EKFiber</string>
			<key>sourceTree</key>
			<string>&lt;group&gt;</string>
		</dict>
		<key>4AC073E2174AC6FB005FA8E5</key>
		<dict>
			<key>fileEncoding</key>
			<string>4</string>
			<key>isa</key>
			<string>PBXFileReference</string>
			<key>lastKnownFileType</key>
			<string>sourcecode.c.h</string>
			<key>lineEnding</key>
			<string>0</string>
			<key>path</key>
			<string>EKFiber.h</string>
			<key>sourceTree</key>
			<string>&lt;group&gt;</string>
			<key>xcLanguageSpecificationIdentifier</key>
			<string>xcode.lang.objcpp</string>
		</dict>
		<key>4AC073E3174AC6FB005FA8E5</key>
		<dict>
			<key>fileEncoding</key>
			<string>4</string>
			<key>isa</key>
			<string>PBXFileReference</string>
			<key>lastKnownFileType</key>
			<string>sourcecode.c.objc</string>
			<key>lineEnding</key>
			<string>0</string>
			<key>path</key>
			<string>EKFiber.m</string>
			<key>sourceTree</key>
			<string>&lt;group&gt;</string>
			<key>xcLanguageSpecificationIdentifier</key>
			<string>xcode.lang.objc</string>
		</dict>
		<key>4AC073E4174AC6FB005FA8E5</key>
		<dict>
			<key>fileRef</key>
			<string>4AC073E3174AC6FB005FA8E5</string>
			<key>isa</key>
			<string>PBXBuildFile</string>
		</dict>
		<key>4AC073F9174AC90E005FA8E5</key>
		<dict>
			<key>fileEncoding</key>
			<string>4</string>
			<key>isa</key>
			<string>PBXFileReference</string>
			<key>lastKnownFileType</key>
			<string>sourcecode.c.objc</string>
			<key>lineEnding</key>
			<string>0</string>
			<key>path</key>
			<string>EKFiberSpec.m</string>
			<key>sourceTree</key>
			<string>&lt;group&gt;</string>
			<key>xcLanguageSpecificationIdentifier</key>
			<string>xcode.lang.objc</string>
		</dict>
		<key>4AC073FB174ACCAF005FA8E5</key>
		<dict>
			<key>fileRef</key>
			<string>4AB6FAD61740D97100DDBAD4</string>
			<key>isa</key>
			<string>PBXBuildFile</string>
		</dict>
		<key>4AC073FC174ACCAF005FA8E5</key>
		<dict>
			<key>fileRef</key>
			<string>4AB6FAD01740D56E00DDBAD4</string>
			<key>isa</key>
			<string>PBXBuildFile</string>
		</dict>
		<key>4AC3BB77174B62E500108331</key>
		<dict>
			<key>children</key>
			<array>
				<string>4AB6FAD51740D97100DDBAD4</string>
				<string>4AB6FAD61740D97100DDBAD4</string>
				<string>4AB6FACF1740D56E00DDBAD4</string>
				<string>4AB6FAD01740D56E00DDBAD4</string>
				<string>4AC073DE174AC629005FA8E5</string>
				<string>4AC073DF174AC629005FA8E5</string>
				<string>4A505316179E74930002630C</string>
				<string>4A505317179E74930002630C</string>
				<string>4ACB2E041754161C009AC260</string>
				<string>4ACB2E051754161C009AC260</string>
				<string>4ACB2E0917541B6E009AC260</string>
				<string>4ACB2E0A17541B6E009AC260</string>
				<string>4ACB2E0E17545532009AC260</string>
				<string>4ACB2E0F17545532009AC260</string>
				<string>4AD3D59117534ACD0050CE35</string>
				<string>4AD3D59217534ACD0050CE35</string>
			</array>
			<key>isa</key>
			<string>PBXGroup</string>
			<key>path</key>
			<string>Core</string>
			<key>sourceTree</key>
			<string>&lt;group&gt;</string>
		</dict>
		<key>4AC3BB79174B64EB00108331</key>
		<dict>
			<key>fileEncoding</key>
			<string>4</string>
			<key>isa</key>
			<string>PBXFileReference</string>
			<key>lastKnownFileType</key>
			<string>sourcecode.c.h</string>
			<key>path</key>
			<string>EnumeratorKit.h</string>
			<key>sourceTree</key>
			<string>&lt;group&gt;</string>
		</dict>
		<key>4AC3BB7A174B6D9100108331</key>
		<dict>
			<key>fileEncoding</key>
			<string>4</string>
			<key>isa</key>
			<string>PBXFileReference</string>
			<key>lastKnownFileType</key>
			<string>sourcecode.c.objc</string>
			<key>lineEnding</key>
			<string>0</string>
			<key>path</key>
			<string>EKEnumerableSpec.m</string>
			<key>sourceTree</key>
			<string>&lt;group&gt;</string>
			<key>xcLanguageSpecificationIdentifier</key>
			<string>xcode.lang.objc</string>
		</dict>
		<key>4ACB2E041754161C009AC260</key>
		<dict>
			<key>fileEncoding</key>
			<string>4</string>
			<key>isa</key>
			<string>PBXFileReference</string>
			<key>lastKnownFileType</key>
			<string>sourcecode.c.h</string>
			<key>path</key>
			<string>NSDictionary+EKEnumerable.h</string>
			<key>sourceTree</key>
			<string>&lt;group&gt;</string>
		</dict>
		<key>4ACB2E051754161C009AC260</key>
		<dict>
			<key>fileEncoding</key>
			<string>4</string>
			<key>isa</key>
			<string>PBXFileReference</string>
			<key>lastKnownFileType</key>
			<string>sourcecode.c.objc</string>
			<key>path</key>
			<string>NSDictionary+EKEnumerable.m</string>
			<key>sourceTree</key>
			<string>&lt;group&gt;</string>
		</dict>
		<key>4ACB2E061754161C009AC260</key>
		<dict>
			<key>fileRef</key>
			<string>4ACB2E051754161C009AC260</string>
			<key>isa</key>
			<string>PBXBuildFile</string>
		</dict>
		<key>4ACB2E071754184D009AC260</key>
		<dict>
			<key>fileEncoding</key>
			<string>4</string>
			<key>isa</key>
			<string>PBXFileReference</string>
			<key>lastKnownFileType</key>
			<string>sourcecode.c.objc</string>
			<key>path</key>
			<string>EKEnumerableNSDictionarySpec.m</string>
			<key>sourceTree</key>
			<string>&lt;group&gt;</string>
		</dict>
		<key>4ACB2E0917541B6E009AC260</key>
		<dict>
			<key>fileEncoding</key>
			<string>4</string>
			<key>isa</key>
			<string>PBXFileReference</string>
			<key>lastKnownFileType</key>
			<string>sourcecode.c.h</string>
			<key>path</key>
			<string>NSSet+EKEnumerable.h</string>
			<key>sourceTree</key>
			<string>&lt;group&gt;</string>
		</dict>
		<key>4ACB2E0A17541B6E009AC260</key>
		<dict>
			<key>fileEncoding</key>
			<string>4</string>
			<key>isa</key>
			<string>PBXFileReference</string>
			<key>lastKnownFileType</key>
			<string>sourcecode.c.objc</string>
			<key>path</key>
			<string>NSSet+EKEnumerable.m</string>
			<key>sourceTree</key>
			<string>&lt;group&gt;</string>
		</dict>
		<key>4ACB2E0B17541B6E009AC260</key>
		<dict>
			<key>fileRef</key>
			<string>4ACB2E0A17541B6E009AC260</string>
			<key>isa</key>
			<string>PBXBuildFile</string>
		</dict>
		<key>4ACB2E0C175452EB009AC260</key>
		<dict>
			<key>fileEncoding</key>
			<string>4</string>
			<key>isa</key>
			<string>PBXFileReference</string>
			<key>lastKnownFileType</key>
			<string>sourcecode.c.objc</string>
			<key>path</key>
			<string>EKEnumerableNSSetSpec.m</string>
			<key>sourceTree</key>
			<string>&lt;group&gt;</string>
		</dict>
		<key>4ACB2E0E17545532009AC260</key>
		<dict>
			<key>fileEncoding</key>
			<string>4</string>
			<key>isa</key>
			<string>PBXFileReference</string>
			<key>lastKnownFileType</key>
			<string>sourcecode.c.h</string>
			<key>path</key>
			<string>NSOrderedSet+EKEnumerable.h</string>
			<key>sourceTree</key>
			<string>&lt;group&gt;</string>
		</dict>
		<key>4ACB2E0F17545532009AC260</key>
		<dict>
			<key>fileEncoding</key>
			<string>4</string>
			<key>isa</key>
			<string>PBXFileReference</string>
			<key>lastKnownFileType</key>
			<string>sourcecode.c.objc</string>
			<key>path</key>
			<string>NSOrderedSet+EKEnumerable.m</string>
			<key>sourceTree</key>
			<string>&lt;group&gt;</string>
		</dict>
		<key>4ACB2E1017545532009AC260</key>
		<dict>
			<key>fileRef</key>
			<string>4ACB2E0F17545532009AC260</string>
			<key>isa</key>
			<string>PBXBuildFile</string>
		</dict>
		<key>4ACB2E11175457AF009AC260</key>
		<dict>
			<key>fileEncoding</key>
			<string>4</string>
			<key>isa</key>
			<string>PBXFileReference</string>
			<key>lastKnownFileType</key>
			<string>sourcecode.c.objc</string>
			<key>path</key>
			<string>EKEnumerableNSOrderedSetSpec.m</string>
			<key>sourceTree</key>
			<string>&lt;group&gt;</string>
		</dict>
		<key>4ACB2E231755F403009AC260</key>
		<dict>
			<key>children</key>
			<array>
				<string>4ACB2E241755F42F009AC260</string>
				<string>4ACB2E251755F42F009AC260</string>
			</array>
			<key>isa</key>
			<string>PBXGroup</string>
			<key>path</key>
			<string>Shared</string>
			<key>sourceTree</key>
			<string>&lt;group&gt;</string>
		</dict>
		<key>4ACB2E241755F42F009AC260</key>
		<dict>
			<key>fileEncoding</key>
			<string>4</string>
			<key>isa</key>
			<string>PBXFileReference</string>
			<key>lastKnownFileType</key>
			<string>sourcecode.c.h</string>
			<key>path</key>
			<string>SortedList.h</string>
			<key>sourceTree</key>
			<string>&lt;group&gt;</string>
		</dict>
		<key>4ACB2E251755F42F009AC260</key>
		<dict>
			<key>fileEncoding</key>
			<string>4</string>
			<key>isa</key>
			<string>PBXFileReference</string>
			<key>lastKnownFileType</key>
			<string>sourcecode.c.objc</string>
			<key>path</key>
			<string>SortedList.m</string>
			<key>sourceTree</key>
			<string>&lt;group&gt;</string>
		</dict>
		<key>4AD13084185C0C3B003E7145</key>
		<dict>
			<key>buildActionMask</key>
			<string>2147483647</string>
			<key>files</key>
			<array>
				<string>4A6A09FF185FA4A80053DAE2</string>
				<string>4A6A0A00185FA4A80053DAE2</string>
				<string>4A6A0A01185FA4A80053DAE2</string>
				<string>CE26A0971A85B1BA000A4F1B</string>
				<string>4A6A0A02185FA4A80053DAE2</string>
				<string>4A6A0A03185FA4A80053DAE2</string>
				<string>4A6A0A04185FA4A80053DAE2</string>
				<string>4A6A0A05185FA4A80053DAE2</string>
				<string>4A6A0A06185FA4A80053DAE2</string>
				<string>4A6A0A07185FA4A80053DAE2</string>
				<string>4A6A0A08185FA4A80053DAE2</string>
				<string>4A6A0A09185FA4A80053DAE2</string>
				<string>4A6A09F5185F97900053DAE2</string>
			</array>
			<key>isa</key>
			<string>PBXSourcesBuildPhase</string>
			<key>runOnlyForDeploymentPostprocessing</key>
			<string>0</string>
		</dict>
		<key>4AD13085185C0C3B003E7145</key>
		<dict>
			<key>buildActionMask</key>
			<string>2147483647</string>
			<key>files</key>
			<array>
				<string>4AD1308A185C0C3B003E7145</string>
				<string>4AD1308B185C0C3B003E7145</string>
				<string>4A6A09F6185F97BB0053DAE2</string>
				<string>3E07F2E7B99D439C8D343248</string>
			</array>
			<key>isa</key>
			<string>PBXFrameworksBuildPhase</string>
			<key>runOnlyForDeploymentPostprocessing</key>
			<string>0</string>
		</dict>
		<key>4AD13086185C0C3B003E7145</key>
		<dict>
			<key>buildActionMask</key>
			<string>2147483647</string>
			<key>files</key>
			<array/>
			<key>isa</key>
			<string>PBXResourcesBuildPhase</string>
			<key>runOnlyForDeploymentPostprocessing</key>
			<string>0</string>
		</dict>
		<key>4AD13087185C0C3B003E7145</key>
		<dict>
			<key>buildConfigurationList</key>
			<string>4AD1309B185C0C3C003E7145</string>
			<key>buildPhases</key>
			<array>
				<string>A15B7F97BFCA4F48B949B062</string>
				<string>4AD13084185C0C3B003E7145</string>
				<string>4AD13085185C0C3B003E7145</string>
				<string>4AD13086185C0C3B003E7145</string>
				<string>0CDB5B4949A94BE49E0FE2D8</string>
			</array>
			<key>buildRules</key>
			<array/>
			<key>dependencies</key>
			<array>
				<string>4AD13098185C0C3C003E7145</string>
			</array>
			<key>isa</key>
			<string>PBXNativeTarget</string>
			<key>name</key>
			<string>Specs</string>
			<key>productName</key>
			<string>Specs</string>
			<key>productReference</key>
			<string>4AD13088185C0C3B003E7145</string>
			<key>productType</key>
			<string>com.apple.product-type.bundle.unit-test</string>
		</dict>
		<key>4AD13088185C0C3B003E7145</key>
		<dict>
			<key>explicitFileType</key>
			<string>wrapper.cfbundle</string>
			<key>includeInIndex</key>
			<string>0</string>
			<key>isa</key>
			<string>PBXFileReference</string>
			<key>path</key>
			<string>Specs.xctest</string>
			<key>sourceTree</key>
			<string>BUILT_PRODUCTS_DIR</string>
		</dict>
		<key>4AD13089185C0C3B003E7145</key>
		<dict>
			<key>isa</key>
			<string>PBXFileReference</string>
			<key>lastKnownFileType</key>
			<string>wrapper.framework</string>
			<key>name</key>
			<string>XCTest.framework</string>
			<key>path</key>
			<string>Library/Frameworks/XCTest.framework</string>
			<key>sourceTree</key>
			<string>DEVELOPER_DIR</string>
		</dict>
		<key>4AD1308A185C0C3B003E7145</key>
		<dict>
			<key>fileRef</key>
			<string>4AD13089185C0C3B003E7145</string>
			<key>isa</key>
			<string>PBXBuildFile</string>
		</dict>
		<key>4AD1308B185C0C3B003E7145</key>
		<dict>
			<key>fileRef</key>
			<string>4AB6FA971740C5AE00DDBAD4</string>
			<key>isa</key>
			<string>PBXBuildFile</string>
		</dict>
		<key>4AD13097185C0C3C003E7145</key>
		<dict>
			<key>containerPortal</key>
			<string>4AB6FA8A1740C5AE00DDBAD4</string>
			<key>isa</key>
			<string>PBXContainerItemProxy</string>
			<key>proxyType</key>
			<string>1</string>
			<key>remoteGlobalIDString</key>
			<string>4AC073B9174AC561005FA8E5</string>
			<key>remoteInfo</key>
			<string>EnumeratorKit</string>
		</dict>
		<key>4AD13098185C0C3C003E7145</key>
		<dict>
			<key>isa</key>
			<string>PBXTargetDependency</string>
			<key>target</key>
			<string>4AC073B9174AC561005FA8E5</string>
			<key>targetProxy</key>
			<string>4AD13097185C0C3C003E7145</string>
		</dict>
		<key>4AD13099185C0C3C003E7145</key>
		<dict>
			<key>baseConfigurationReference</key>
			<string>A3409258A43B5F390E6EFBC9</string>
			<key>buildSettings</key>
			<dict>
				<key>CLANG_ENABLE_MODULES</key>
				<string>YES</string>
				<key>CLANG_WARN_BOOL_CONVERSION</key>
				<string>YES</string>
				<key>CLANG_WARN_DIRECT_OBJC_ISA_USAGE</key>
				<string>YES_ERROR</string>
				<key>CLANG_WARN_OBJC_ROOT_CLASS</key>
				<string>YES_ERROR</string>
				<key>FRAMEWORK_SEARCH_PATHS</key>
				<array>
					<string>$(SDKROOT)/Developer/Library/Frameworks</string>
					<string>$(inherited)</string>
					<string>$(DEVELOPER_FRAMEWORKS_DIR)</string>
				</array>
				<key>GCC_PRECOMPILE_PREFIX_HEADER</key>
				<string>YES</string>
				<key>GCC_PREPROCESSOR_DEFINITIONS</key>
				<array>
					<string>DEBUG=1</string>
					<string>$(inherited)</string>
				</array>
				<key>GCC_WARN_64_TO_32_BIT_CONVERSION</key>
				<string>YES</string>
				<key>GCC_WARN_ABOUT_RETURN_TYPE</key>
				<string>YES_ERROR</string>
				<key>GCC_WARN_UNDECLARED_SELECTOR</key>
				<string>YES</string>
				<key>GCC_WARN_UNUSED_FUNCTION</key>
				<string>YES</string>
				<key>IPHONEOS_DEPLOYMENT_TARGET</key>
				<string>7.0</string>
				<key>PRODUCT_NAME</key>
				<string>$(TARGET_NAME)</string>
				<key>WRAPPER_EXTENSION</key>
				<string>xctest</string>
			</dict>
			<key>isa</key>
			<string>XCBuildConfiguration</string>
			<key>name</key>
			<string>Debug</string>
		</dict>
		<key>4AD1309A185C0C3C003E7145</key>
		<dict>
			<key>baseConfigurationReference</key>
			<string>EF12E7B03B9E9B2C655B2A84</string>
			<key>buildSettings</key>
			<dict>
				<key>CLANG_ENABLE_MODULES</key>
				<string>YES</string>
				<key>CLANG_WARN_BOOL_CONVERSION</key>
				<string>YES</string>
				<key>CLANG_WARN_DIRECT_OBJC_ISA_USAGE</key>
				<string>YES_ERROR</string>
				<key>CLANG_WARN_OBJC_ROOT_CLASS</key>
				<string>YES_ERROR</string>
				<key>ENABLE_NS_ASSERTIONS</key>
				<string>NO</string>
				<key>FRAMEWORK_SEARCH_PATHS</key>
				<array>
					<string>$(SDKROOT)/Developer/Library/Frameworks</string>
					<string>$(inherited)</string>
					<string>$(DEVELOPER_FRAMEWORKS_DIR)</string>
				</array>
				<key>GCC_PRECOMPILE_PREFIX_HEADER</key>
				<string>YES</string>
				<key>GCC_WARN_64_TO_32_BIT_CONVERSION</key>
				<string>YES</string>
				<key>GCC_WARN_ABOUT_RETURN_TYPE</key>
				<string>YES_ERROR</string>
				<key>GCC_WARN_UNDECLARED_SELECTOR</key>
				<string>YES</string>
				<key>GCC_WARN_UNUSED_FUNCTION</key>
				<string>YES</string>
				<key>IPHONEOS_DEPLOYMENT_TARGET</key>
				<string>7.0</string>
				<key>PRODUCT_NAME</key>
				<string>$(TARGET_NAME)</string>
				<key>WRAPPER_EXTENSION</key>
				<string>xctest</string>
			</dict>
			<key>isa</key>
			<string>XCBuildConfiguration</string>
			<key>name</key>
			<string>Release</string>
		</dict>
		<key>4AD1309B185C0C3C003E7145</key>
		<dict>
			<key>buildConfigurations</key>
			<array>
				<string>4AD13099185C0C3C003E7145</string>
				<string>4AD1309A185C0C3C003E7145</string>
			</array>
			<key>defaultConfigurationIsVisible</key>
			<string>0</string>
			<key>defaultConfigurationName</key>
			<string>Release</string>
			<key>isa</key>
			<string>XCConfigurationList</string>
		</dict>
		<key>4AD3D58F175348CD0050CE35</key>
		<dict>
			<key>fileEncoding</key>
			<string>4</string>
			<key>isa</key>
			<string>PBXFileReference</string>
			<key>lastKnownFileType</key>
			<string>sourcecode.c.objc</string>
			<key>path</key>
			<string>EKEnumeratorSpec.m</string>
			<key>sourceTree</key>
			<string>&lt;group&gt;</string>
		</dict>
		<key>4AD3D59117534ACD0050CE35</key>
		<dict>
			<key>fileEncoding</key>
			<string>4</string>
			<key>isa</key>
			<string>PBXFileReference</string>
			<key>lastKnownFileType</key>
			<string>sourcecode.c.h</string>
			<key>path</key>
			<string>NSObject+EKEnumerator.h</string>
			<key>sourceTree</key>
			<string>&lt;group&gt;</string>
		</dict>
		<key>4AD3D59217534ACD0050CE35</key>
		<dict>
			<key>fileEncoding</key>
			<string>4</string>
			<key>isa</key>
			<string>PBXFileReference</string>
			<key>lastKnownFileType</key>
			<string>sourcecode.c.objc</string>
			<key>path</key>
			<string>NSObject+EKEnumerator.m</string>
			<key>sourceTree</key>
			<string>&lt;group&gt;</string>
		</dict>
		<key>4AD3D59317534ACD0050CE35</key>
		<dict>
			<key>fileRef</key>
			<string>4AD3D59217534ACD0050CE35</string>
			<key>isa</key>
			<string>PBXBuildFile</string>
		</dict>
		<key>4AD3D59417534E8A0050CE35</key>
		<dict>
			<key>fileEncoding</key>
			<string>4</string>
			<key>isa</key>
			<string>PBXFileReference</string>
			<key>lastKnownFileType</key>
			<string>sourcecode.c.objc</string>
			<key>path</key>
			<string>NSObjectAsEKEnumeratorSpec.m</string>
			<key>sourceTree</key>
			<string>&lt;group&gt;</string>
		</dict>
		<key>8C2FE23C509349279B73E901</key>
		<dict>
			<key>explicitFileType</key>
			<string>archive.ar</string>
			<key>includeInIndex</key>
			<string>0</string>
			<key>isa</key>
			<string>PBXFileReference</string>
			<key>path</key>
			<string>libPods-Specs.a</string>
			<key>sourceTree</key>
			<string>BUILT_PRODUCTS_DIR</string>
		</dict>
		<key>A15B7F97BFCA4F48B949B062</key>
		<dict>
			<key>buildActionMask</key>
			<string>2147483647</string>
			<key>files</key>
			<array/>
			<key>inputPaths</key>
			<array/>
			<key>isa</key>
			<string>PBXShellScriptBuildPhase</string>
			<key>name</key>
			<string>Check Pods Manifest.lock</string>
			<key>outputPaths</key>
			<array/>
			<key>runOnlyForDeploymentPostprocessing</key>
			<string>0</string>
			<key>shellPath</key>
			<string>/bin/sh</string>
			<key>shellScript</key>
			<string>diff "${PODS_ROOT}/../Podfile.lock" "${PODS_ROOT}/Manifest.lock" &gt; /dev/null
if [[ $? != 0 ]] ; then
    cat &lt;&lt; EOM
error: The sandbox is not in sync with the Podfile.lock. Run 'pod install' or update your CocoaPods installation.
EOM
    exit 1
fi
</string>
			<key>showEnvVarsInLog</key>
			<string>0</string>
		</dict>
		<key>A3409258A43B5F390E6EFBC9</key>
		<dict>
			<key>includeInIndex</key>
			<string>1</string>
			<key>isa</key>
			<string>PBXFileReference</string>
			<key>lastKnownFileType</key>
			<string>text.xcconfig</string>
			<key>name</key>
			<string>Pods-Specs.debug.xcconfig</string>
			<key>path</key>
			<string>Pods/Target Support Files/Pods-Specs/Pods-Specs.debug.xcconfig</string>
			<key>sourceTree</key>
			<string>&lt;group&gt;</string>
		</dict>
		<key>CE26A0961A85B1BA000A4F1B</key>
		<dict>
			<key>fileEncoding</key>
			<string>4</string>
			<key>isa</key>
			<string>PBXFileReference</string>
			<key>lastKnownFileType</key>
			<string>sourcecode.c.objc</string>
			<key>path</key>
			<string>EKEnumerableNSArraySpec.m</string>
			<key>sourceTree</key>
			<string>&lt;group&gt;</string>
		</dict>
		<key>CE26A0971A85B1BA000A4F1B</key>
		<dict>
			<key>fileRef</key>
			<string>CE26A0961A85B1BA000A4F1B</string>
			<key>isa</key>
			<string>PBXBuildFile</string>
		</dict>
		<key>D13CEB7E2206E8451134FA1B</key>
		<dict>
			<key>children</key>
			<array>
				<string>A3409258A43B5F390E6EFBC9</string>
				<string>EF12E7B03B9E9B2C655B2A84</string>
			</array>
			<key>isa</key>
			<string>PBXGroup</string>
			<key>name</key>
			<string>Pods</string>
			<key>sourceTree</key>
			<string>&lt;group&gt;</string>
		</dict>
		<key>EF12E7B03B9E9B2C655B2A84</key>
		<dict>
			<key>includeInIndex</key>
			<string>1</string>
			<key>isa</key>
			<string>PBXFileReference</string>
			<key>lastKnownFileType</key>
			<string>text.xcconfig</string>
			<key>name</key>
			<string>Pods-Specs.release.xcconfig</string>
			<key>path</key>
			<string>Pods/Target Support Files/Pods-Specs/Pods-Specs.release.xcconfig</string>
			<key>sourceTree</key>
			<string>&lt;group&gt;</string>
		</dict>
	</dict>
	<key>rootObject</key>
	<string>4AB6FA8A1740C5AE00DDBAD4</string>
</dict>
</plist>
